<Solution>
  <Project Path="UIAnimationsAssm.csproj" />
  <Project Path="PauseMenuAssem.csproj" />
  <Project Path="SaveLoadAssem.csproj" />
  <Project Path="SettingsMenuAssem.csproj" />
  <Project Path="LeanTweenAssem.csproj" />
  <Project Path="PlayerMiscAssem.csproj" />
  <Project Path="DungeonsAssem.csproj" />
  <Project Path="NetworkingAssem.csproj" />
  <Project Path="EntityBaseAssem.csproj" />
  <Project Path="Assembly-CSharp.csproj" />
  <Project Path="TitleScreenAssem.csproj" />
  <Project Path="InputAssem.csproj" />
  <Project Path="EffectsAssem.csproj" />
  <Project Path="ItemAssem.csproj" />
  <Project Path="PlayerMovementAssem.csproj" />
  <Project Path="ServerJoinCreatorAssem.csproj" />
  <Project Path="Assembly-CSharp-Editor.csproj" />
  <Project Path="BlockIteractionAssem.csproj" />
  <Project Path="EnemiesAssem.csproj" />
  <Project Path="PlayerInventoryAssem.csproj" />
  <Project Path="ChunkAssem.csproj" />
  <Project Path="CraftingAssem.csproj" />
  <Project Path="TileMapHelperAssem.csproj" />
  <Project Path="PlayerInfoAssem.csproj" />
  <Project Path="AstarAssem.csproj" />
  <Project Path="HealthAssem.csproj" />
  <Project Path="PauseTimeAssem.csproj" />
  <Project Path="WorldCreatorAssem.csproj" />
  <Project Path="MathHelperFunctAssem.csproj" />
  <Project Path="PlayerAnimAssem.csproj" />
  <Project Path="EventAssem.csproj" />
  <Project Path="SimSetterAssem.csproj" />
  <Project Path="PlayerCamAssem.csproj" />
</Solution>
